# This file is autogenerated, do not edit; changes may be undone by the next 'dep ensure'.


[[projects]]
  name = "github.com/disintegration/imaging"
  packages = ["."]
  revision = "bbcee2f5c9d5e94ca42c8b50ec847fec64a6c134"
  version = "v1.4.2"

[[projects]]
  branch = "master"
  name = "github.com/dustin/go-humanize"
  packages = ["."]
  revision = "02af3965c54e8cacf948b97fef38925c4120652c"

[[projects]]
  name = "github.com/fatih/color"
  packages = ["."]
  revision = "5b77d2a35fb0ede96d138fc9a99f5c9b6aef11b4"
  version = "v1.7.0"

[[projects]]
  name = "github.com/mattn/go-colorable"
  packages = ["."]
  revision = "167de6bfdfba052fa6b2d3664c8f5272e23c9072"
  version = "v0.0.9"

[[projects]]
  name = "github.com/mattn/go-isatty"
  packages = ["."]
  revision = "0360b2af4f38e8d38c7fce2a9f4e702702d73a39"
  version = "v0.0.3"

[[projects]]
  name = "github.com/oschwald/geoip2-golang"
  packages = ["."]
  revision = "7118115686e16b77967cdbf55d1b944fe14ad312"
  version = "v1.2.1"

[[projects]]
  name = "github.com/oschwald/maxminddb-golang"
  packages = ["."]
  revision = "c5bec84d1963260297932a1b7a1753c8420717a7"
  version = "v1.3.0"

[[projects]]
  branch = "master"
  name = "golang.org/x/image"
  packages = [
    "bmp",
    "tiff",
    "tiff/lzw"
  ]
  revision = "cc896f830cedae125428bc9fe1b0362aa91b3fb1"

[[projects]]
  branch = "master"
  name = "golang.org/x/net"
  packages = ["websocket"]
  revision = "4cb1c02c05b0e749b0365f61ae859a8e0cfceed9"

[[projects]]
  branch = "master"
  name = "golang.org/x/sys"
  packages = [
    "unix",
    "windows"
  ]
  revision = "7138fd3d9dc8335c567ca206f4333fb75eb05d56"

[[projects]]
  branch = "v2"
  name = "gopkg.in/mgo.v2"
  packages = [
    "bson",
    "internal/json"
  ]
  revision = "3f83fa5005286a7fe593b055f0d7771a7dce4655"

[solve-meta]
  analyzer-name = "dep"
  analyzer-version = 1
  inputs-digest = "66333b95747b21aae5fd912c5e5793e53a7b948c863210be2802f9d64d0c95ba"
  solver-name = "gps-cdcl"
  solver-version = 1
